
Microsoft Visual Studio Solution File, Format Version 12.00
Project("{FAE04EC0-301F-11D3-BF4B-00C04F79EFBC}") = "AutoARPG_WebAsm", "sites\portfolio\AutoARPG_WebAsm.csproj", "{DA4FF8A3-33A8-43CF-A71B-A4BC5572E57D}"
EndProject
Project("{FAE04EC0-301F-11D3-BF4B-00C04F79EFBC}") = "ProjectEditor", "tools\ProjectEditor\ProjectEditor.csproj", "{C1521695-EFA9-403E-9684-74176A733A13}"
EndProject
Project("{2150E333-8FDC-42A3-9474-1A3956D46DE8}") = "sites", "sites", "{764265A3-F92B-2B65-AB15-F6A725BE5888}"
EndProject
Project("{2150E333-8FDC-42A3-9474-1A3956D46DE8}") = "nido-suave", "nido-suave", "{9942ECF5-EA6B-F55E-8213-7FBAA08A5C3F}"
EndProject
Project("{FAE04EC0-301F-11D3-BF4B-00C04F79EFBC}") = "NidoSuave", "sites\nido-suave\NidoSuave.csproj", "{FED3D837-3463-4B6C-88EB-876CE98FAF61}"
EndProject
Project("{2150E333-8FDC-42A3-9474-1A3956D46DE8}") = "duurzaam-digitaal", "duurzaam-digitaal", "{CA1121D0-FD9F-AFC7-9D23-FD238E4180F1}"
EndProject
Project("{FAE04EC0-301F-11D3-BF4B-00C04F79EFBC}") = "DuurzaamDigitaal", "sites\duurzaam-digitaal\DuurzaamDigitaal\DuurzaamDigitaal.csproj", "{E0900A5E-F77E-4A9F-BC09-82265A335764}"
EndProject
Project("{FAE04EC0-301F-11D3-BF4B-00C04F79EFBC}") = "DuurzaamDigitaal.Tests", "sites\duurzaam-digitaal\DuurzaamDigitaal.Tests\DuurzaamDigitaal.Tests.csproj", "{386168C3-37AE-41F5-BC22-C0B109EAF0F4}"
EndProject
Project("{2150E333-8FDC-42A3-9474-1A3956D46DE8}") = "shared", "shared", "{4F52FD11-658E-A102-6CD3-7D7C16FFA15B}"
EndProject
Project("{2150E333-8FDC-42A3-9474-1A3956D46DE8}") = "Data", "Data", "{4A26B1D9-CA38-B6B2-DE90-73BAC7799B9A}"
EndProject
Project("{FAE04EC0-301F-11D3-BF4B-00C04F79EFBC}") = "Amp.Data", "shared\Data\Amp.Data.csproj", "{03B7F44E-D1B8-4C85-A796-C2549A699DE7}"
EndProject
Project("{2150E333-8FDC-42A3-9474-1A3956D46DE8}") = "apps", "apps", "{1787FE1D-075E-9E68-7218-25F1BD1BBEAB}"
EndProject
Project("{2150E333-8FDC-42A3-9474-1A3956D46DE8}") = "api", "api", "{BC2D172B-13BC-136C-CDB1-4B1A687208C4}"
EndProject
Project("{FAE04EC0-301F-11D3-BF4B-00C04F79EFBC}") = "Amp.Api", "apps\api\Amp.Api.csproj", "{562E9457-C8BA-4828-A841-15283E4AE91D}"
EndProject
Global
	GlobalSection(SolutionConfigurationPlatforms) = preSolution
		Debug|Any CPU = Debug|Any CPU
		Debug|x64 = Debug|x64
		Debug|x86 = Debug|x86
		Release|Any CPU = Release|Any CPU
		Release|x64 = Release|x64
		Release|x86 = Release|x86
	EndGlobalSection
	GlobalSection(ProjectConfigurationPlatforms) = postSolution
		{DA4FF8A3-33A8-43CF-A71B-A4BC5572E57D}.Debug|Any CPU.ActiveCfg = Debug|Any CPU
		{DA4FF8A3-33A8-43CF-A71B-A4BC5572E57D}.Debug|Any CPU.Build.0 = Debug|Any CPU
		{DA4FF8A3-33A8-43CF-A71B-A4BC5572E57D}.Debug|x64.ActiveCfg = Debug|Any CPU
		{DA4FF8A3-33A8-43CF-A71B-A4BC5572E57D}.Debug|x64.Build.0 = Debug|Any CPU
		{DA4FF8A3-33A8-43CF-A71B-A4BC5572E57D}.Debug|x86.ActiveCfg = Debug|Any CPU
		{DA4FF8A3-33A8-43CF-A71B-A4BC5572E57D}.Debug|x86.Build.0 = Debug|Any CPU
		{DA4FF8A3-33A8-43CF-A71B-A4BC5572E57D}.Release|Any CPU.ActiveCfg = Release|Any CPU
		{DA4FF8A3-33A8-43CF-A71B-A4BC5572E57D}.Release|Any CPU.Build.0 = Release|Any CPU
		{DA4FF8A3-33A8-43CF-A71B-A4BC5572E57D}.Release|x64.ActiveCfg = Release|Any CPU
		{DA4FF8A3-33A8-43CF-A71B-A4BC5572E57D}.Release|x64.Build.0 = Release|Any CPU
		{DA4FF8A3-33A8-43CF-A71B-A4BC5572E57D}.Release|x86.ActiveCfg = Release|Any CPU
		{DA4FF8A3-33A8-43CF-A71B-A4BC5572E57D}.Release|x86.Build.0 = Release|Any CPU
		{C1521695-EFA9-403E-9684-74176A733A13}.Debug|Any CPU.ActiveCfg = Debug|Any CPU
		{C1521695-EFA9-403E-9684-74176A733A13}.Debug|Any CPU.Build.0 = Debug|Any CPU
		{C1521695-EFA9-403E-9684-74176A733A13}.Debug|x64.ActiveCfg = Debug|Any CPU
		{C1521695-EFA9-403E-9684-74176A733A13}.Debug|x64.Build.0 = Debug|Any CPU
		{C1521695-EFA9-403E-9684-74176A733A13}.Debug|x86.ActiveCfg = Debug|Any CPU
		{C1521695-EFA9-403E-9684-74176A733A13}.Debug|x86.Build.0 = Debug|Any CPU
		{C1521695-EFA9-403E-9684-74176A733A13}.Release|Any CPU.ActiveCfg = Release|Any CPU
		{C1521695-EFA9-403E-9684-74176A733A13}.Release|Any CPU.Build.0 = Release|Any CPU
		{C1521695-EFA9-403E-9684-74176A733A13}.Release|x64.ActiveCfg = Release|Any CPU
		{C1521695-EFA9-403E-9684-74176A733A13}.Release|x64.Build.0 = Release|Any CPU
		{C1521695-EFA9-403E-9684-74176A733A13}.Release|x86.ActiveCfg = Release|Any CPU
		{C1521695-EFA9-403E-9684-74176A733A13}.Release|x86.Build.0 = Release|Any CPU
		{FED3D837-3463-4B6C-88EB-876CE98FAF61}.Debug|Any CPU.ActiveCfg = Debug|Any CPU
		{FED3D837-3463-4B6C-88EB-876CE98FAF61}.Debug|Any CPU.Build.0 = Debug|Any CPU
		{FED3D837-3463-4B6C-88EB-876CE98FAF61}.Debug|x64.ActiveCfg = Debug|Any CPU
		{FED3D837-3463-4B6C-88EB-876CE98FAF61}.Debug|x64.Build.0 = Debug|Any CPU
		{FED3D837-3463-4B6C-88EB-876CE98FAF61}.Debug|x86.ActiveCfg = Debug|Any CPU
		{FED3D837-3463-4B6C-88EB-876CE98FAF61}.Debug|x86.Build.0 = Debug|Any CPU
		{FED3D837-3463-4B6C-88EB-876CE98FAF61}.Release|Any CPU.ActiveCfg = Release|Any CPU
		{FED3D837-3463-4B6C-88EB-876CE98FAF61}.Release|Any CPU.Build.0 = Release|Any CPU
		{FED3D837-3463-4B6C-88EB-876CE98FAF61}.Release|x64.ActiveCfg = Release|Any CPU
		{FED3D837-3463-4B6C-88EB-876CE98FAF61}.Release|x64.Build.0 = Release|Any CPU
		{FED3D837-3463-4B6C-88EB-876CE98FAF61}.Release|x86.ActiveCfg = Release|Any CPU
		{FED3D837-3463-4B6C-88EB-876CE98FAF61}.Release|x86.Build.0 = Release|Any CPU
		{E0900A5E-F77E-4A9F-BC09-82265A335764}.Debug|Any CPU.ActiveCfg = Debug|Any CPU
		{E0900A5E-F77E-4A9F-BC09-82265A335764}.Debug|Any CPU.Build.0 = Debug|Any CPU
		{E0900A5E-F77E-4A9F-BC09-82265A335764}.Debug|x64.ActiveCfg = Debug|Any CPU
		{E0900A5E-F77E-4A9F-BC09-82265A335764}.Debug|x64.Build.0 = Debug|Any CPU
		{E0900A5E-F77E-4A9F-BC09-82265A335764}.Debug|x86.ActiveCfg = Debug|Any CPU
		{E0900A5E-F77E-4A9F-BC09-82265A335764}.Debug|x86.Build.0 = Debug|Any CPU
		{E0900A5E-F77E-4A9F-BC09-82265A335764}.Release|Any CPU.ActiveCfg = Release|Any CPU
		{E0900A5E-F77E-4A9F-BC09-82265A335764}.Release|Any CPU.Build.0 = Release|Any CPU
		{E0900A5E-F77E-4A9F-BC09-82265A335764}.Release|x64.ActiveCfg = Release|Any CPU
		{E0900A5E-F77E-4A9F-BC09-82265A335764}.Release|x64.Build.0 = Release|Any CPU
		{E0900A5E-F77E-4A9F-BC09-82265A335764}.Release|x86.ActiveCfg = Release|Any CPU
		{E0900A5E-F77E-4A9F-BC09-82265A335764}.Release|x86.Build.0 = Release|Any CPU
		{386168C3-37AE-41F5-BC22-C0B109EAF0F4}.Debug|Any CPU.ActiveCfg = Debug|Any CPU
		{386168C3-37AE-41F5-BC22-C0B109EAF0F4}.Debug|Any CPU.Build.0 = Debug|Any CPU
		{386168C3-37AE-41F5-BC22-C0B109EAF0F4}.Debug|x64.ActiveCfg = Debug|Any CPU
		{386168C3-37AE-41F5-BC22-C0B109EAF0F4}.Debug|x64.Build.0 = Debug|Any CPU
		{386168C3-37AE-41F5-BC22-C0B109EAF0F4}.Debug|x86.ActiveCfg = Debug|Any CPU
		{386168C3-37AE-41F5-BC22-C0B109EAF0F4}.Debug|x86.Build.0 = Debug|Any CPU
		{386168C3-37AE-41F5-BC22-C0B109EAF0F4}.Release|Any CPU.ActiveCfg = Release|Any CPU
		{386168C3-37AE-41F5-BC22-C0B109EAF0F4}.Release|Any CPU.Build.0 = Release|Any CPU
		{386168C3-37AE-41F5-BC22-C0B109EAF0F4}.Release|x64.ActiveCfg = Release|Any CPU
		{386168C3-37AE-41F5-BC22-C0B109EAF0F4}.Release|x64.Build.0 = Release|Any CPU
		{386168C3-37AE-41F5-BC22-C0B109EAF0F4}.Release|x86.ActiveCfg = Release|Any CPU
		{386168C3-37AE-41F5-BC22-C0B109EAF0F4}.Release|x86.Build.0 = Release|Any CPU
		{03B7F44E-D1B8-4C85-A796-C2549A699DE7}.Debug|Any CPU.ActiveCfg = Debug|Any CPU
		{03B7F44E-D1B8-4C85-A796-C2549A699DE7}.Debug|Any CPU.Build.0 = Debug|Any CPU
		{03B7F44E-D1B8-4C85-A796-C2549A699DE7}.Debug|x64.ActiveCfg = Debug|Any CPU
		{03B7F44E-D1B8-4C85-A796-C2549A699DE7}.Debug|x64.Build.0 = Debug|Any CPU
		{03B7F44E-D1B8-4C85-A796-C2549A699DE7}.Debug|x86.ActiveCfg = Debug|Any CPU
		{03B7F44E-D1B8-4C85-A796-C2549A699DE7}.Debug|x86.Build.0 = Debug|Any CPU
		{03B7F44E-D1B8-4C85-A796-C2549A699DE7}.Release|Any CPU.ActiveCfg = Release|Any CPU
		{03B7F44E-D1B8-4C85-A796-C2549A699DE7}.Release|Any CPU.Build.0 = Release|Any CPU
		{03B7F44E-D1B8-4C85-A796-C2549A699DE7}.Release|x64.ActiveCfg = Release|Any CPU
		{03B7F44E-D1B8-4C85-A796-C2549A699DE7}.Release|x64.Build.0 = Release|Any CPU
		{03B7F44E-D1B8-4C85-A796-C2549A699DE7}.Release|x86.ActiveCfg = Release|Any CPU
		{03B7F44E-D1B8-4C85-A796-C2549A699DE7}.Release|x86.Build.0 = Release|Any CPU
		{562E9457-C8BA-4828-A841-15283E4AE91D}.Debug|Any CPU.ActiveCfg = Debug|Any CPU
		{562E9457-C8BA-4828-A841-15283E4AE91D}.Debug|Any CPU.Build.0 = Debug|Any CPU
		{562E9457-C8BA-4828-A841-15283E4AE91D}.Debug|x64.ActiveCfg = Debug|Any CPU
		{562E9457-C8BA-4828-A841-15283E4AE91D}.Debug|x64.Build.0 = Debug|Any CPU
		{562E9457-C8BA-4828-A841-15283E4AE91D}.Debug|x86.ActiveCfg = Debug|Any CPU
		{562E9457-C8BA-4828-A841-15283E4AE91D}.Debug|x86.Build.0 = Debug|Any CPU
		{562E9457-C8BA-4828-A841-15283E4AE91D}.Release|Any CPU.ActiveCfg = Release|Any CPU
		{562E9457-C8BA-4828-A841-15283E4AE91D}.Release|Any CPU.Build.0 = Release|Any CPU
		{562E9457-C8BA-4828-A841-15283E4AE91D}.Release|x64.ActiveCfg = Release|Any CPU
		{562E9457-C8BA-4828-A841-15283E4AE91D}.Release|x64.Build.0 = Release|Any CPU
		{562E9457-C8BA-4828-A841-15283E4AE91D}.Release|x86.ActiveCfg = Release|Any CPU
		{562E9457-C8BA-4828-A841-15283E4AE91D}.Release|x86.Build.0 = Release|Any CPU
	EndGlobalSection
	GlobalSection(SolutionProperties) = preSolution
		HideSolutionNode = FALSE
	EndGlobalSection
	GlobalSection(NestedProjects) = preSolution
		{9942ECF5-EA6B-F55E-8213-7FBAA08A5C3F} = {764265A3-F92B-2B65-AB15-F6A725BE5888}
		{FED3D837-3463-4B6C-88EB-876CE98FAF61} = {9942ECF5-EA6B-F55E-8213-7FBAA08A5C3F}
		{CA1121D0-FD9F-AFC7-9D23-FD238E4180F1} = {764265A3-F92B-2B65-AB15-F6A725BE5888}
		{E0900A5E-F77E-4A9F-BC09-82265A335764} = {CA1121D0-FD9F-AFC7-9D23-FD238E4180F1}
		{386168C3-37AE-41F5-BC22-C0B109EAF0F4} = {CA1121D0-FD9F-AFC7-9D23-FD238E4180F1}
		{4A26B1D9-CA38-B6B2-DE90-73BAC7799B9A} = {4F52FD11-658E-A102-6CD3-7D7C16FFA15B}
		{03B7F44E-D1B8-4C85-A796-C2549A699DE7} = {4A26B1D9-CA38-B6B2-DE90-73BAC7799B9A}
		{BC2D172B-13BC-136C-CDB1-4B1A687208C4} = {1787FE1D-075E-9E68-7218-25F1BD1BBEAB}
		{562E9457-C8BA-4828-A841-15283E4AE91D} = {BC2D172B-13BC-136C-CDB1-4B1A687208C4}
	EndGlobalSection
EndGlobal
