
Microsoft Visual Studio Solution File, Format Version 12.00
Project("{FAE04EC0-301F-11D3-BF4B-00C04F79EFBC}") = "AutoARPG_WebAsm", "sites\portfolio\AutoARPG_WebAsm.csproj", "{DA4FF8A3-33A8-43CF-A71B-A4BC5572E57D}"
EndProject
Project("{FAE04EC0-301F-11D3-BF4B-00C04F79EFBC}") = "ProjectEditor", "tools\ProjectEditor\ProjectEditor.csproj", "{C1521695-EFA9-403E-9684-74176A733A13}"
EndProject
Project("{2150E333-8FDC-42A3-9474-1A3956D46DE8}") = "sites", "sites", "{764265A3-F92B-2B65-AB15-F6A725BE5888}"
EndProject
Project("{2150E333-8FDC-42A3-9474-1A3956D46DE8}") = "nido-suave", "nido-suave", "{9942ECF5-EA6B-F55E-8213-7FBAA08A5C3F}"
EndProject
Project("{FAE04EC0-301F-11D3-BF4B-00C04F79EFBC}") = "NidoSuave", "sites\nido-suave\NidoSuave.csproj", "{FED3D837-3463-4B6C-88EB-876CE98FAF61}"
EndProject
Global
	GlobalSection(SolutionConfigurationPlatforms) = preSolution
		Debug|Any CPU = Debug|Any CPU
		Debug|x64 = Debug|x64
		Debug|x86 = Debug|x86
		Release|Any CPU = Release|Any CPU
		Release|x64 = Release|x64
		Release|x86 = Release|x86
	EndGlobalSection
	GlobalSection(ProjectConfigurationPlatforms) = postSolution
		{DA4FF8A3-33A8-43CF-A71B-A4BC5572E57D}.Debug|Any CPU.ActiveCfg = Debug|Any CPU
		{DA4FF8A3-33A8-43CF-A71B-A4BC5572E57D}.Debug|Any CPU.Build.0 = Debug|Any CPU
		{DA4FF8A3-33A8-43CF-A71B-A4BC5572E57D}.Debug|x64.ActiveCfg = Debug|Any CPU
		{DA4FF8A3-33A8-43CF-A71B-A4BC5572E57D}.Debug|x64.Build.0 = Debug|Any CPU
		{DA4FF8A3-33A8-43CF-A71B-A4BC5572E57D}.Debug|x86.ActiveCfg = Debug|Any CPU
		{DA4FF8A3-33A8-43CF-A71B-A4BC5572E57D}.Debug|x86.Build.0 = Debug|Any CPU
		{DA4FF8A3-33A8-43CF-A71B-A4BC5572E57D}.Release|Any CPU.ActiveCfg = Release|Any CPU
		{DA4FF8A3-33A8-43CF-A71B-A4BC5572E57D}.Release|Any CPU.Build.0 = Release|Any CPU
		{DA4FF8A3-33A8-43CF-A71B-A4BC5572E57D}.Release|x64.ActiveCfg = Release|Any CPU
		{DA4FF8A3-33A8-43CF-A71B-A4BC5572E57D}.Release|x64.Build.0 = Release|Any CPU
		{DA4FF8A3-33A8-43CF-A71B-A4BC5572E57D}.Release|x86.ActiveCfg = Release|Any CPU
		{DA4FF8A3-33A8-43CF-A71B-A4BC5572E57D}.Release|x86.Build.0 = Release|Any CPU
		{C1521695-EFA9-403E-9684-74176A733A13}.Debug|Any CPU.ActiveCfg = Debug|Any CPU
		{C1521695-EFA9-403E-9684-74176A733A13}.Debug|Any CPU.Build.0 = Debug|Any CPU
		{C1521695-EFA9-403E-9684-74176A733A13}.Debug|x64.ActiveCfg = Debug|Any CPU
		{C1521695-EFA9-403E-9684-74176A733A13}.Debug|x64.Build.0 = Debug|Any CPU
		{C1521695-EFA9-403E-9684-74176A733A13}.Debug|x86.ActiveCfg = Debug|Any CPU
		{C1521695-EFA9-403E-9684-74176A733A13}.Debug|x86.Build.0 = Debug|Any CPU
		{C1521695-EFA9-403E-9684-74176A733A13}.Release|Any CPU.ActiveCfg = Release|Any CPU
		{C1521695-EFA9-403E-9684-74176A733A13}.Release|Any CPU.Build.0 = Release|Any CPU
		{C1521695-EFA9-403E-9684-74176A733A13}.Release|x64.ActiveCfg = Release|Any CPU
		{C1521695-EFA9-403E-9684-74176A733A13}.Release|x64.Build.0 = Release|Any CPU
		{C1521695-EFA9-403E-9684-74176A733A13}.Release|x86.ActiveCfg = Release|Any CPU
		{C1521695-EFA9-403E-9684-74176A733A13}.Release|x86.Build.0 = Release|Any CPU
		{FED3D837-3463-4B6C-88EB-876CE98FAF61}.Debug|Any CPU.ActiveCfg = Debug|Any CPU
		{FED3D837-3463-4B6C-88EB-876CE98FAF61}.Debug|Any CPU.Build.0 = Debug|Any CPU
		{FED3D837-3463-4B6C-88EB-876CE98FAF61}.Debug|x64.ActiveCfg = Debug|Any CPU
		{FED3D837-3463-4B6C-88EB-876CE98FAF61}.Debug|x64.Build.0 = Debug|Any CPU
		{FED3D837-3463-4B6C-88EB-876CE98FAF61}.Debug|x86.ActiveCfg = Debug|Any CPU
		{FED3D837-3463-4B6C-88EB-876CE98FAF61}.Debug|x86.Build.0 = Debug|Any CPU
		{FED3D837-3463-4B6C-88EB-876CE98FAF61}.Release|Any CPU.ActiveCfg = Release|Any CPU
		{FED3D837-3463-4B6C-88EB-876CE98FAF61}.Release|Any CPU.Build.0 = Release|Any CPU
		{FED3D837-3463-4B6C-88EB-876CE98FAF61}.Release|x64.ActiveCfg = Release|Any CPU
		{FED3D837-3463-4B6C-88EB-876CE98FAF61}.Release|x64.Build.0 = Release|Any CPU
		{FED3D837-3463-4B6C-88EB-876CE98FAF61}.Release|x86.ActiveCfg = Release|Any CPU
		{FED3D837-3463-4B6C-88EB-876CE98FAF61}.Release|x86.Build.0 = Release|Any CPU
	EndGlobalSection
	GlobalSection(SolutionProperties) = preSolution
		HideSolutionNode = FALSE
	EndGlobalSection
	GlobalSection(NestedProjects) = preSolution
		{9942ECF5-EA6B-F55E-8213-7FBAA08A5C3F} = {764265A3-F92B-2B65-AB15-F6A725BE5888}
		{FED3D837-3463-4B6C-88EB-876CE98FAF61} = {9942ECF5-EA6B-F55E-8213-7FBAA08A5C3F}
	EndGlobalSection
EndGlobal
